uuid: 7c9c81e5-34e6-44c2-b88e-2deed34e9d75
langcode: en
status: false
dependencies: {  }
active_version: fbd9367ece78bba5
versioned_properties:
  active:
    settings:
      default_settings:
        id: local_tasks_block
        label: Tabs
        label_display: '0'
        provider: core
        primary: true
        secondary: true
    fallback_metadata:
      slot_definitions: null
label: Tabs
id: block.local_tasks_block
provider: core
source: block
source_local_id: local_tasks_block
